{
  "lockfile_version": "1",
  "packages": {
    "docker@latest": {
      "last_modified": "2024-09-02T11:22:49Z",
      "resolved": "github:NixOS/nixpkgs/51b45dc262830ab95c7b9b039bb4f911d4b2509b#docker",
      "source": "devbox-search",
      "version": "27.1.1",
      "systems": {
        "aarch64-darwin": {
          "outputs": [
            {
              "name": "out",
              "path": "/nix/store/ing3y7azn82a3lq5a879x0liqkb7149y-docker-27.1.1",
              "default": true
            }
          ],
          "store_path": "/nix/store/ing3y7azn82a3lq5a879x0liqkb7149y-docker-27.1.1"
        },
        "aarch64-linux": {
          "outputs": [
            {
              "name": "out",
              "path": "/nix/store/2lakpzi72f4mfy294sqgs583xgdk52d7-docker-27.1.1",
              "default": true
            }
          ],
          "store_path": "/nix/store/2lakpzi72f4mfy294sqgs583xgdk52d7-docker-27.1.1"
        },
        "x86_64-darwin": {
          "outputs": [
            {
              "name": "out",
              "path": "/nix/store/pjvibzzskcry4rapsgwfka77zdi87i1v-docker-27.1.1",
              "default": true
            }
          ],
          "store_path": "/nix/store/pjvibzzskcry4rapsgwfka77zdi87i1v-docker-27.1.1"
        },
        "x86_64-linux": {
          "outputs": [
            {
              "name": "out",
              "path": "/nix/store/w60mzsgrrn9d6sxl02lfic17s7yk2y46-docker-27.1.1",
              "default": true
            }
          ],
          "store_path": "/nix/store/w60mzsgrrn9d6sxl02lfic17s7yk2y46-docker-27.1.1"
        }
      }
    },
    "git@latest": {
      "last_modified": "2024-09-07T06:00:21Z",
      "resolved": "github:NixOS/nixpkgs/29cca090417df03e6d1928d99f77e8e81c74c3fa#git",
      "source": "devbox-search",
      "version": "2.46.0",
      "systems": {
        "aarch64-darwin": {
          "outputs": [
            {
              "name": "out",
              "path": "/nix/store/w443mfir51ws94kyl7zq5kipqj74j6m3-git-2.46.0",
              "default": true
            },
            {
              "name": "doc",
              "path": "/nix/store/sx81ywpa4jimbqp9l3w0n7c0pw8ligzn-git-2.46.0-doc"
            }
          ],
          "store_path": "/nix/store/w443mfir51ws94kyl7zq5kipqj74j6m3-git-2.46.0"
        },
        "aarch64-linux": {
          "outputs": [
            {
              "name": "out",
              "path": "/nix/store/rmyh1ddc6xhp6cqv27wgvns9w8mbbw3b-git-2.46.0",
              "default": true
            },
            {
              "name": "debug",
              "path": "/nix/store/5r1xcws1dlwrcfdcbcsb1j8dlnvjgggm-git-2.46.0-debug"
            },
            {
              "name": "doc",
              "path": "/nix/store/2a6hjqzcvj7vfj7iklxqmzwc75yx3x1r-git-2.46.0-doc"
            }
          ],
          "store_path": "/nix/store/rmyh1ddc6xhp6cqv27wgvns9w8mbbw3b-git-2.46.0"
        },
        "x86_64-darwin": {
          "outputs": [
            {
              "name": "out",
              "path": "/nix/store/iw41zaz9yj1xpkh2x4m8cj4mzk4p7rwx-git-2.46.0",
              "default": true
            },
            {
              "name": "doc",
              "path": "/nix/store/5j1c198dm7qf1yslka190ar1klylh2cz-git-2.46.0-doc"
            }
          ],
          "store_path": "/nix/store/iw41zaz9yj1xpkh2x4m8cj4mzk4p7rwx-git-2.46.0"
        },
        "x86_64-linux": {
          "outputs": [
            {
              "name": "out",
              "path": "/nix/store/hxxkx0y690n2iadckr6imndg8223fcq1-git-2.46.0",
              "default": true
            },
            {
              "name": "debug",
              "path": "/nix/store/4y5k4pa84a168pyvccjykb4050q2g8dj-git-2.46.0-debug"
            },
            {
              "name": "doc",
              "path": "/nix/store/icq598vg50bamj3qk44vv218qdbgjmkr-git-2.46.0-doc"
            }
          ],
          "store_path": "/nix/store/hxxkx0y690n2iadckr6imndg8223fcq1-git-2.46.0"
        }
      }
    },
    "jq@latest": {
      "last_modified": "2024-09-09T01:53:33Z",
      "resolved": "github:NixOS/nixpkgs/03e62e5bc3a6dd3203c3fc6f87aec7684a57da75#jq",
      "source": "devbox-search",
      "version": "1.7.1",
      "systems": {
        "aarch64-darwin": {
          "outputs": [
            {
              "name": "bin",
              "path": "/nix/store/a0qb3qz9nancghgi3z1734c5k79hzwgn-jq-1.7.1-bin",
              "default": true
            },
            {
              "name": "man",
              "path": "/nix/store/prp8b726pqh1ghw5idfdcyl0gnpry44q-jq-1.7.1-man",
              "default": true
            },
            {
              "name": "dev",
              "path": "/nix/store/4rcpydzqwdck396pwhkcpz1r1brlgli4-jq-1.7.1-dev"
            },
            {
              "name": "doc",
              "path": "/nix/store/a3v44plz7dixbrn9d7s69xhf87g6zrn0-jq-1.7.1-doc"
            },
            {
              "name": "lib",
              "path": "/nix/store/8n0r1ma1x5bvsr6n2kjzrhv8s7qyl9m1-jq-1.7.1-lib"
            },
            {
              "name": "out",
              "path": "/nix/store/20x8m876m0a3nas08c4gg7n1gcvw2nd1-jq-1.7.1"
            }
          ],
          "store_path": "/nix/store/a0qb3qz9nancghgi3z1734c5k79hzwgn-jq-1.7.1-bin"
        },
        "aarch64-linux": {
          "outputs": [
            {
              "name": "bin",
              "path": "/nix/store/855185vhfhrx065c0ad0s1qms3p8sg4c-jq-1.7.1-bin",
              "default": true
            },
            {
              "name": "man",
              "path": "/nix/store/9w36a5zl1wz9mnk22np556mfdicfzyfa-jq-1.7.1-man",
              "default": true
            },
            {
              "name": "doc",
              "path": "/nix/store/h8iz5m7aq09an64n3xjdrpvnskgqg0j5-jq-1.7.1-doc"
            },
            {
              "name": "lib",
              "path": "/nix/store/wkcx946q0kbpp0jb4rs3yq3ippiz5x83-jq-1.7.1-lib"
            },
            {
              "name": "out",
              "path": "/nix/store/x5p64yy46c4g5a6788av88fr8nxpfmvl-jq-1.7.1"
            },
            {
              "name": "dev",
              "path": "/nix/store/zxyzp99sm3nkf387h9xrq8kf4pkp7jw8-jq-1.7.1-dev"
            }
          ],
          "store_path": "/nix/store/855185vhfhrx065c0ad0s1qms3p8sg4c-jq-1.7.1-bin"
        },
        "x86_64-darwin": {
          "outputs": [
            {
              "name": "bin",
              "path": "/nix/store/wlzv4fh056vg7i9zkcggqvfcnargj9cg-jq-1.7.1-bin",
              "default": true
            },
            {
              "name": "man",
              "path": "/nix/store/5wsb8dxsvkhl3a4amaw3q237k31zm3xn-jq-1.7.1-man",
              "default": true
            },
            {
              "name": "out",
              "path": "/nix/store/5v08b5wxh9i1aqxr4j4v731phms6q4hj-jq-1.7.1"
            },
            {
              "name": "dev",
              "path": "/nix/store/1brda1qm783rz07f0a8y4mvs6m72v5ha-jq-1.7.1-dev"
            },
            {
              "name": "doc",
              "path": "/nix/store/rnpf9ypnakmigb5wd9cbzzqs7919bqna-jq-1.7.1-doc"
            },
            {
              "name": "lib",
              "path": "/nix/store/3x3n94nvpfhb55n3039avj3cc13sqwmf-jq-1.7.1-lib"
            }
          ],
          "store_path": "/nix/store/wlzv4fh056vg7i9zkcggqvfcnargj9cg-jq-1.7.1-bin"
        },
        "x86_64-linux": {
          "outputs": [
            {
              "name": "bin",
              "path": "/nix/store/kc1c2x2a14zsjwxlscajmc59nsz0wd1s-jq-1.7.1-bin",
              "default": true
            },
            {
              "name": "man",
              "path": "/nix/store/vdc00mcaj7xlk2f0sq7lyjgf0l3v9gvr-jq-1.7.1-man",
              "default": true
            },
            {
              "name": "dev",
              "path": "/nix/store/rwypdgzzxk9740bd01irnq708p62axah-jq-1.7.1-dev"
            },
            {
              "name": "doc",
              "path": "/nix/store/sifr3zf0rxisxs6ysvp3r2jds5pd22lj-jq-1.7.1-doc"
            },
            {
              "name": "lib",
              "path": "/nix/store/ssl0zcvizmyncqn3lwr3dmkb8j0x9fkn-jq-1.7.1-lib"
            },
            {
              "name": "out",
              "path": "/nix/store/6mi0s34rv17dxd8bpv3vis709n230mfi-jq-1.7.1"
            }
          ],
          "store_path": "/nix/store/kc1c2x2a14zsjwxlscajmc59nsz0wd1s-jq-1.7.1-bin"
        }
      }
    },
    "shellcheck@latest": {
      "last_modified": "2024-09-05T02:32:14Z",
      "resolved": "github:NixOS/nixpkgs/fcb54ddcc974cff59bdfb7c1ac9e080299763d2d#shellcheck",
      "source": "devbox-search",
      "version": "0.10.0",
      "systems": {
        "aarch64-darwin": {
          "outputs": [
            {
              "name": "bin",
              "path": "/nix/store/zmx3k2lcfbbzhr2wmc9cl4jfsm7nxpx3-shellcheck-0.10.0-bin",
              "default": true
            },
            {
              "name": "man",
              "path": "/nix/store/6z5xz589av1473z9ay0j277s20as45ip-shellcheck-0.10.0-man",
              "default": true
            },
            {
              "name": "doc",
              "path": "/nix/store/fpb23a1i2lkjb8cpd75l2slhxyhb6rq3-shellcheck-0.10.0-doc",
              "default": true
            },
            {
              "name": "out",
              "path": "/nix/store/waymgwz1bxy63jadhxsmc3wy8vjqb4vr-shellcheck-0.10.0"
            }
          ],
          "store_path": "/nix/store/zmx3k2lcfbbzhr2wmc9cl4jfsm7nxpx3-shellcheck-0.10.0-bin"
        },
        "aarch64-linux": {
          "outputs": [
            {
              "name": "bin",
              "path": "/nix/store/cl8b1b34wprdmpdq9nqnn5iasmj2qbzx-shellcheck-0.10.0-bin",
              "default": true
            },
            {
              "name": "man",
              "path": "/nix/store/frmshcr0z2mk1rq2flx447jf2lffchmz-shellcheck-0.10.0-man",
              "default": true
            },
            {
              "name": "doc",
              "path": "/nix/store/px3r4s9hfwb0nybk9llj7flzlrn7dv0c-shellcheck-0.10.0-doc",
              "default": true
            },
            {
              "name": "out",
              "path": "/nix/store/wp8kffzklwsvxlhpvswi9ifj1lza3rxp-shellcheck-0.10.0"
            }
          ],
          "store_path": "/nix/store/cl8b1b34wprdmpdq9nqnn5iasmj2qbzx-shellcheck-0.10.0-bin"
        },
        "x86_64-darwin": {
          "outputs": [
            {
              "name": "bin",
              "path": "/nix/store/jpfx6lpqsg686lvys1qik43pmvbl8n3a-shellcheck-0.10.0-bin",
              "default": true
            },
            {
              "name": "man",
              "path": "/nix/store/hpa1cs74byygsbwanl8n7fnqjzbs0kig-shellcheck-0.10.0-man",
              "default": true
            },
            {
              "name": "doc",
              "path": "/nix/store/hz87f7mab40van8bjamqpbpa7y5rzv17-shellcheck-0.10.0-doc",
              "default": true
            },
            {
              "name": "out",
              "path": "/nix/store/salr51jnlak19w4mnn68ca1lx0zj3gzx-shellcheck-0.10.0"
            }
          ],
          "store_path": "/nix/store/jpfx6lpqsg686lvys1qik43pmvbl8n3a-shellcheck-0.10.0-bin"
        },
        "x86_64-linux": {
          "outputs": [
            {
              "name": "bin",
              "path": "/nix/store/drp1l1226v4xzb1vplhl0ik9fqrf99qs-shellcheck-0.10.0-bin",
              "default": true
            },
            {
              "name": "man",
              "path": "/nix/store/6vcjicf15i0xns4hzb1i1w8cacyy4kd6-shellcheck-0.10.0-man",
              "default": true
            },
            {
              "name": "doc",
              "path": "/nix/store/mxk9mvc456wpy2kbcndnd8qn513rfjfn-shellcheck-0.10.0-doc",
              "default": true
            },
            {
              "name": "out",
              "path": "/nix/store/aaya66gba52v8w4fc4r229y362xmvkfm-shellcheck-0.10.0"
            }
          ],
          "store_path": "/nix/store/drp1l1226v4xzb1vplhl0ik9fqrf99qs-shellcheck-0.10.0-bin"
        }
      }
    },
    "trivy@latest": {
      "last_modified": "2024-09-07T06:00:21Z",
      "resolved": "github:NixOS/nixpkgs/29cca090417df03e6d1928d99f77e8e81c74c3fa#trivy",
      "source": "devbox-search",
      "version": "0.55.0",
      "systems": {
        "aarch64-darwin": {
          "outputs": [
            {
              "name": "out",
              "path": "/nix/store/4hkpwl571i7wndrmis57npafps01py3j-trivy-0.55.0",
              "default": true
            }
          ],
          "store_path": "/nix/store/4hkpwl571i7wndrmis57npafps01py3j-trivy-0.55.0"
        },
        "aarch64-linux": {
          "outputs": [
            {
              "name": "out",
              "path": "/nix/store/gxrnrs6ls7ljkdywbd35fjcwsbddy1iv-trivy-0.55.0",
              "default": true
            }
          ],
          "store_path": "/nix/store/gxrnrs6ls7ljkdywbd35fjcwsbddy1iv-trivy-0.55.0"
        },
        "x86_64-darwin": {
          "outputs": [
            {
              "name": "out",
              "path": "/nix/store/vw51fpq41zsnjxb37qrdhgknq10y8is0-trivy-0.55.0",
              "default": true
            }
          ],
          "store_path": "/nix/store/vw51fpq41zsnjxb37qrdhgknq10y8is0-trivy-0.55.0"
        },
        "x86_64-linux": {
          "outputs": [
            {
              "name": "out",
              "path": "/nix/store/4hvfdha10gf5r8i05q5xki9r18v00814-trivy-0.55.0",
              "default": true
            }
          ],
          "store_path": "/nix/store/4hvfdha10gf5r8i05q5xki9r18v00814-trivy-0.55.0"
        }
      }
    }
  }
}
